
Microsoft Visual Studio Solution File, Format Version 12.00
# Visual Studio Version 17
VisualStudioVersion = 17.5.33627.172
MinimumVisualStudioVersion = 10.0.40219.1
Project("{FAE04EC0-301F-11D3-BF4B-00C04F79EFBC}") = "PuntoDeVenta", "PuntoDeVenta.csproj", "{C269E273-17A7-4594-B554-8E06B0AA249A}"
EndProject
Project("{FAE04EC0-301F-11D3-BF4B-00C04F79EFBC}") = "Modelo", "Modelo\Modelo.csproj", "{7E6A1999-496D-4B40-806F-F626EAA7D743}"
EndProject
Project("{FAE04EC0-301F-11D3-BF4B-00C04F79EFBC}") = "Vista", "Vista\Vista.csproj", "{FEDB1A3D-0DD0-47FF-BD86-992665D0DBFA}"
EndProject
Project("{FAE04EC0-301F-11D3-BF4B-00C04F79EFBC}") = "Controlador", "Controlador\Controlador.csproj", "{31492D9C-1940-4BFA-ADCC-671CE484F3E7}"
EndProject
Global
	GlobalSection(SolutionConfigurationPlatforms) = preSolution
		Debug|Any CPU = Debug|Any CPU
		Release|Any CPU = Release|Any CPU
	EndGlobalSection
	GlobalSection(ProjectConfigurationPlatforms) = postSolution
		{C269E273-17A7-4594-B554-8E06B0AA249A}.Debug|Any CPU.ActiveCfg = Debug|Any CPU
		{C269E273-17A7-4594-B554-8E06B0AA249A}.Debug|Any CPU.Build.0 = Debug|Any CPU
		{C269E273-17A7-4594-B554-8E06B0AA249A}.Release|Any CPU.ActiveCfg = Release|Any CPU
		{C269E273-17A7-4594-B554-8E06B0AA249A}.Release|Any CPU.Build.0 = Release|Any CPU
		{7E6A1999-496D-4B40-806F-F626EAA7D743}.Debug|Any CPU.ActiveCfg = Debug|Any CPU
		{7E6A1999-496D-4B40-806F-F626EAA7D743}.Debug|Any CPU.Build.0 = Debug|Any CPU
		{7E6A1999-496D-4B40-806F-F626EAA7D743}.Release|Any CPU.ActiveCfg = Release|Any CPU
		{7E6A1999-496D-4B40-806F-F626EAA7D743}.Release|Any CPU.Build.0 = Release|Any CPU
		{FEDB1A3D-0DD0-47FF-BD86-992665D0DBFA}.Debug|Any CPU.ActiveCfg = Debug|Any CPU
		{FEDB1A3D-0DD0-47FF-BD86-992665D0DBFA}.Debug|Any CPU.Build.0 = Debug|Any CPU
		{FEDB1A3D-0DD0-47FF-BD86-992665D0DBFA}.Release|Any CPU.ActiveCfg = Release|Any CPU
		{FEDB1A3D-0DD0-47FF-BD86-992665D0DBFA}.Release|Any CPU.Build.0 = Release|Any CPU
		{31492D9C-1940-4BFA-ADCC-671CE484F3E7}.Debug|Any CPU.ActiveCfg = Debug|Any CPU
		{31492D9C-1940-4BFA-ADCC-671CE484F3E7}.Debug|Any CPU.Build.0 = Debug|Any CPU
		{31492D9C-1940-4BFA-ADCC-671CE484F3E7}.Release|Any CPU.ActiveCfg = Release|Any CPU
		{31492D9C-1940-4BFA-ADCC-671CE484F3E7}.Release|Any CPU.Build.0 = Release|Any CPU
	EndGlobalSection
	GlobalSection(SolutionProperties) = preSolution
		HideSolutionNode = FALSE
	EndGlobalSection
	GlobalSection(ExtensibilityGlobals) = postSolution
		SolutionGuid = {3875913A-2C5A-4B5A-9B41-AEEE7467EDEE}
	EndGlobalSection
EndGlobal
